
Microsoft Visual Studio Solution File, Format Version 12.00
# Visual Studio 15
VisualStudioVersion = 15.0.28010.2046
MinimumVisualStudioVersion = 10.0.40219.1
Project("{FAE04EC0-301F-11D3-BF4B-00C04F79EFBC}") = "WebMailerAPI", "WebMailerAPI\WebMailerAPI.csproj", "{17923673-DD1F-41F9-8ECA-34B2D22D0646}"
EndProject
Global
	GlobalSection(SolutionConfigurationPlatforms) = preSolution
		Debug|Any CPU = Debug|Any CPU
		Release|Any CPU = Release|Any CPU
	EndGlobalSection
	GlobalSection(ProjectConfigurationPlatforms) = postSolution
		{17923673-DD1F-41F9-8ECA-34B2D22D0646}.Debug|Any CPU.ActiveCfg = Debug|Any CPU
		{17923673-DD1F-41F9-8ECA-34B2D22D0646}.Debug|Any CPU.Build.0 = Debug|Any CPU
		{17923673-DD1F-41F9-8ECA-34B2D22D0646}.Release|Any CPU.ActiveCfg = Release|Any CPU
		{17923673-DD1F-41F9-8ECA-34B2D22D0646}.Release|Any CPU.Build.0 = Release|Any CPU
	EndGlobalSection
	GlobalSection(SolutionProperties) = preSolution
		HideSolutionNode = FALSE
	EndGlobalSection
	GlobalSection(ExtensibilityGlobals) = postSolution
		SolutionGuid = {36068947-2F24-4887-A98E-83627D326384}
	EndGlobalSection
EndGlobal
